// !$*UTF8*$!
{
	archiveVersion = 1;
	classes = {
	};
	objectVersion = 56;
	objects = {

/* Begin PBXBuildFile section */
		52BC6E122BD74AD600793A34 /* NewsIndoApp.swift in Sources */ = {isa = PBXBuildFile; fileRef = 52BC6E112BD74AD600793A34 /* NewsIndoApp.swift */; };
		52BC6E142BD74AD600793A34 /* NewsView.swift in Sources */ = {isa = PBXBuildFile; fileRef = 52BC6E132BD74AD600793A34 /* NewsView.swift */; };
		52BC6E162BD74AD700793A34 /* Assets.xcassets in Resources */ = {isa = PBXBuildFile; fileRef = 52BC6E152BD74AD700793A34 /* Assets.xcassets */; };
		52BC6E192BD74AD700793A34 /* Preview Assets.xcassets in Resources */ = {isa = PBXBuildFile; fileRef = 52BC6E182BD74AD700793A34 /* Preview Assets.xcassets */; };
		52BC6E242BD7503C00793A34 /* NewsModel.swift in Sources */ = {isa = PBXBuildFile; fileRef = 52BC6E232BD7503C00793A34 /* NewsModel.swift */; };
		52BC6E272BD7541200793A34 /* Alamofire in Frameworks */ = {isa = PBXBuildFile; productRef = 52BC6E262BD7541200793A34 /* Alamofire */; };
		52BC6E292BD7541200793A34 /* AlamofireDynamic in Frameworks */ = {isa = PBXBuildFile; productRef = 52BC6E282BD7541200793A34 /* AlamofireDynamic */; };
		52BC6E2C2BD7555900793A34 /* Constant.swift in Sources */ = {isa = PBXBuildFile; fileRef = 52BC6E2B2BD7555900793A34 /* Constant.swift */; };
		52BC6E2E2BD755DC00793A34 /* APIService.swift in Sources */ = {isa = PBXBuildFile; fileRef = 52BC6E2D2BD755DC00793A34 /* APIService.swift */; };
		52BC6E312BD75AB800793A34 /* NewsViewModel.swift in Sources */ = {isa = PBXBuildFile; fileRef = 52BC6E302BD75AB800793A34 /* NewsViewModel.swift */; };
		52BC6E342BD7627000793A34 /* StringExtensionDateUtility.swift in Sources */ = {isa = PBXBuildFile; fileRef = 52BC6E332BD7627000793A34 /* StringExtensionDateUtility.swift */; };
		52BC6E362BD76D8800793A34 /* DateUtility.swift in Sources */ = {isa = PBXBuildFile; fileRef = 52BC6E352BD76D8800793A34 /* DateUtility.swift */; };
		52BC6E382BD7850500793A34 /* NewsTechnologyModel.swift in Sources */ = {isa = PBXBuildFile; fileRef = 52BC6E372BD7850500793A34 /* NewsTechnologyModel.swift */; };
		52BC6E3A2BD7873000793A34 /* NewsTechnologyViewModel.swift in Sources */ = {isa = PBXBuildFile; fileRef = 52BC6E392BD7873000793A34 /* NewsTechnologyViewModel.swift */; };
		52BC6E3E2BD7886800793A34 /* NewsTechnologyView.swift in Sources */ = {isa = PBXBuildFile; fileRef = 52BC6E3D2BD7886800793A34 /* NewsTechnologyView.swift */; };
/* End PBXBuildFile section */

/* Begin PBXFileReference section */
		52BC6E0E2BD74AD600793A34 /* NewsIndo.app */ = {isa = PBXFileReference; explicitFileType = wrapper.application; includeInIndex = 0; path = NewsIndo.app; sourceTree = BUILT_PRODUCTS_DIR; };
		52BC6E112BD74AD600793A34 /* NewsIndoApp.swift */ = {isa = PBXFileReference; lastKnownFileType = sourcecode.swift; path = NewsIndoApp.swift; sourceTree = "<group>"; };
		52BC6E132BD74AD600793A34 /* NewsView.swift */ = {isa = PBXFileReference; lastKnownFileType = sourcecode.swift; path = NewsView.swift; sourceTree = "<group>"; };
		52BC6E152BD74AD700793A34 /* Assets.xcassets */ = {isa = PBXFileReference; lastKnownFileType = folder.assetcatalog; path = Assets.xcassets; sourceTree = "<group>"; };
		52BC6E182BD74AD700793A34 /* Preview Assets.xcassets */ = {isa = PBXFileReference; lastKnownFileType = folder.assetcatalog; path = "Preview Assets.xcassets"; sourceTree = "<group>"; };
		52BC6E232BD7503C00793A34 /* NewsModel.swift */ = {isa = PBXFileReference; lastKnownFileType = sourcecode.swift; path = NewsModel.swift; sourceTree = "<group>"; };
		52BC6E2B2BD7555900793A34 /* Constant.swift */ = {isa = PBXFileReference; lastKnownFileType = sourcecode.swift; path = Constant.swift; sourceTree = "<group>"; };
		52BC6E2D2BD755DC00793A34 /* APIService.swift */ = {isa = PBXFileReference; lastKnownFileType = sourcecode.swift; path = APIService.swift; sourceTree = "<group>"; };
		52BC6E302BD75AB800793A34 /* NewsViewModel.swift */ = {isa = PBXFileReference; lastKnownFileType = sourcecode.swift; path = NewsViewModel.swift; sourceTree = "<group>"; };
		52BC6E332BD7627000793A34 /* StringExtensionDateUtility.swift */ = {isa = PBXFileReference; lastKnownFileType = sourcecode.swift; path = StringExtensionDateUtility.swift; sourceTree = "<group>"; };
		52BC6E352BD76D8800793A34 /* DateUtility.swift */ = {isa = PBXFileReference; lastKnownFileType = sourcecode.swift; path = DateUtility.swift; sourceTree = "<group>"; };
		52BC6E372BD7850500793A34 /* NewsTechnologyModel.swift */ = {isa = PBXFileReference; lastKnownFileType = sourcecode.swift; path = NewsTechnologyModel.swift; sourceTree = "<group>"; };
		52BC6E392BD7873000793A34 /* NewsTechnologyViewModel.swift */ = {isa = PBXFileReference; lastKnownFileType = sourcecode.swift; path = NewsTechnologyViewModel.swift; sourceTree = "<group>"; };
		52BC6E3D2BD7886800793A34 /* NewsTechnologyView.swift */ = {isa = PBXFileReference; lastKnownFileType = sourcecode.swift; path = NewsTechnologyView.swift; sourceTree = "<group>"; };
/* End PBXFileReference section */

/* Begin PBXFrameworksBuildPhase section */
		52BC6E0B2BD74AD600793A34 /* Frameworks */ = {
			isa = PBXFrameworksBuildPhase;
			buildActionMask = 2147483647;
			files = (
				52BC6E272BD7541200793A34 /* Alamofire in Frameworks */,
				52BC6E292BD7541200793A34 /* AlamofireDynamic in Frameworks */,
			);
			runOnlyForDeploymentPostprocessing = 0;
		};
/* End PBXFrameworksBuildPhase section */

/* Begin PBXGroup section */
		52BC6E052BD74AD600793A34 = {
			isa = PBXGroup;
			children = (
				52BC6E102BD74AD600793A34 /* NewsIndo */,
				52BC6E0F2BD74AD600793A34 /* Products */,
			);
			sourceTree = "<group>";
		};
		52BC6E0F2BD74AD600793A34 /* Products */ = {
			isa = PBXGroup;
			children = (
				52BC6E0E2BD74AD600793A34 /* NewsIndo.app */,
			);
			name = Products;
			sourceTree = "<group>";
		};
		52BC6E102BD74AD600793A34 /* NewsIndo */ = {
			isa = PBXGroup;
			children = (
				52BC6E322BD7622700793A34 /* Utility */,
				52BC6E2F2BD75AA800793A34 /* ViewModel */,
				52BC6E2A2BD7552300793A34 /* Services */,
				52BC6E222BD74B0B00793A34 /* Model */,
				52BC6E1F2BD74ADE00793A34 /* App */,
				52BC6E202BD74AE600793A34 /* View */,
				52BC6E212BD74AF700793A34 /* Resources */,
				52BC6E172BD74AD700793A34 /* Preview Content */,
			);
			path = NewsIndo;
			sourceTree = "<group>";
		};
		52BC6E172BD74AD700793A34 /* Preview Content */ = {
			isa = PBXGroup;
			children = (
				52BC6E182BD74AD700793A34 /* Preview Assets.xcassets */,
			);
			path = "Preview Content";
			sourceTree = "<group>";
		};
		52BC6E1F2BD74ADE00793A34 /* App */ = {
			isa = PBXGroup;
			children = (
				52BC6E112BD74AD600793A34 /* NewsIndoApp.swift */,
			);
			path = App;
			sourceTree = "<group>";
		};
		52BC6E202BD74AE600793A34 /* View */ = {
			isa = PBXGroup;
			children = (
				52BC6E132BD74AD600793A34 /* NewsView.swift */,
				52BC6E3D2BD7886800793A34 /* NewsTechnologyView.swift */,
			);
			path = View;
			sourceTree = "<group>";
		};
		52BC6E212BD74AF700793A34 /* Resources */ = {
			isa = PBXGroup;
			children = (
				52BC6E152BD74AD700793A34 /* Assets.xcassets */,
			);
			path = Resources;
			sourceTree = "<group>";
		};
		52BC6E222BD74B0B00793A34 /* Model */ = {
			isa = PBXGroup;
			children = (
				52BC6E232BD7503C00793A34 /* NewsModel.swift */,
				52BC6E372BD7850500793A34 /* NewsTechnologyModel.swift */,
			);
			path = Model;
			sourceTree = "<group>";
		};
		52BC6E2A2BD7552300793A34 /* Services */ = {
			isa = PBXGroup;
			children = (
				52BC6E2B2BD7555900793A34 /* Constant.swift */,
				52BC6E2D2BD755DC00793A34 /* APIService.swift */,
			);
			path = Services;
			sourceTree = "<group>";
		};
		52BC6E2F2BD75AA800793A34 /* ViewModel */ = {
			isa = PBXGroup;
			children = (
				52BC6E302BD75AB800793A34 /* NewsViewModel.swift */,
				52BC6E392BD7873000793A34 /* NewsTechnologyViewModel.swift */,
			);
			path = ViewModel;
			sourceTree = "<group>";
		};
		52BC6E322BD7622700793A34 /* Utility */ = {
			isa = PBXGroup;
			children = (
				52BC6E332BD7627000793A34 /* StringExtensionDateUtility.swift */,
				52BC6E352BD76D8800793A34 /* DateUtility.swift */,
			);
			path = Utility;
			sourceTree = "<group>";
		};
/* End PBXGroup section */

/* Begin PBXNativeTarget section */
		52BC6E0D2BD74AD600793A34 /* NewsIndo */ = {
			isa = PBXNativeTarget;
			buildConfigurationList = 52BC6E1C2BD74AD700793A34 /* Build configuration list for PBXNativeTarget "NewsIndo" */;
			buildPhases = (
				52BC6E0A2BD74AD600793A34 /* Sources */,
				52BC6E0B2BD74AD600793A34 /* Frameworks */,
				52BC6E0C2BD74AD600793A34 /* Resources */,
			);
			buildRules = (
			);
			dependencies = (
			);
			name = NewsIndo;
			packageProductDependencies = (
				52BC6E262BD7541200793A34 /* Alamofire */,
				52BC6E282BD7541200793A34 /* AlamofireDynamic */,
			);
			productName = NewsIndo;
			productReference = 52BC6E0E2BD74AD600793A34 /* NewsIndo.app */;
			productType = "com.apple.product-type.application";
		};
/* End PBXNativeTarget section */

/* Begin PBXProject section */
		52BC6E062BD74AD600793A34 /* Project object */ = {
			isa = PBXProject;
			attributes = {
				BuildIndependentTargetsInParallel = 1;
				LastSwiftUpdateCheck = 1530;
				LastUpgradeCheck = 1530;
				TargetAttributes = {
					52BC6E0D2BD74AD600793A34 = {
						CreatedOnToolsVersion = 15.3;
					};
				};
			};
			buildConfigurationList = 52BC6E092BD74AD600793A34 /* Build configuration list for PBXProject "NewsIndo" */;
			compatibilityVersion = "Xcode 14.0";
			developmentRegion = en;
			hasScannedForEncodings = 0;
			knownRegions = (
				en,
				Base,
			);
			mainGroup = 52BC6E052BD74AD600793A34;
			packageReferences = (
				52BC6E252BD7541200793A34 /* XCRemoteSwiftPackageReference "Alamofire" */,
			);
			productRefGroup = 52BC6E0F2BD74AD600793A34 /* Products */;
			projectDirPath = "";
			projectRoot = "";
			targets = (
				52BC6E0D2BD74AD600793A34 /* NewsIndo */,
			);
		};
/* End PBXProject section */

/* Begin PBXResourcesBuildPhase section */
		52BC6E0C2BD74AD600793A34 /* Resources */ = {
			isa = PBXResourcesBuildPhase;
			buildActionMask = 2147483647;
			files = (
				52BC6E192BD74AD700793A34 /* Preview Assets.xcassets in Resources */,
				52BC6E162BD74AD700793A34 /* Assets.xcassets in Resources */,
			);
			runOnlyForDeploymentPostprocessing = 0;
		};
/* End PBXResourcesBuildPhase section */

/* Begin PBXSourcesBuildPhase section */
		52BC6E0A2BD74AD600793A34 /* Sources */ = {
			isa = PBXSourcesBuildPhase;
			buildActionMask = 2147483647;
			files = (
				52BC6E382BD7850500793A34 /* NewsTechnologyModel.swift in Sources */,
				52BC6E242BD7503C00793A34 /* NewsModel.swift in Sources */,
				52BC6E342BD7627000793A34 /* StringExtensionDateUtility.swift in Sources */,
				52BC6E312BD75AB800793A34 /* NewsViewModel.swift in Sources */,
				52BC6E2E2BD755DC00793A34 /* APIService.swift in Sources */,
				52BC6E3A2BD7873000793A34 /* NewsTechnologyViewModel.swift in Sources */,
				52BC6E142BD74AD600793A34 /* NewsView.swift in Sources */,
				52BC6E3E2BD7886800793A34 /* NewsTechnologyView.swift in Sources */,
				52BC6E122BD74AD600793A34 /* NewsIndoApp.swift in Sources */,
				52BC6E362BD76D8800793A34 /* DateUtility.swift in Sources */,
				52BC6E2C2BD7555900793A34 /* Constant.swift in Sources */,
			);
			runOnlyForDeploymentPostprocessing = 0;
		};
/* End PBXSourcesBuildPhase section */

/* Begin XCBuildConfiguration section */
		52BC6E1A2BD74AD700793A34 /* Debug */ = {
			isa = XCBuildConfiguration;
			buildSettings = {
				ALWAYS_SEARCH_USER_PATHS = NO;
				ASSETCATALOG_COMPILER_GENERATE_SWIFT_ASSET_SYMBOL_EXTENSIONS = YES;
				CLANG_ANALYZER_NONNULL = YES;
				CLANG_ANALYZER_NUMBER_OBJECT_CONVERSION = YES_AGGRESSIVE;
				CLANG_CXX_LANGUAGE_STANDARD = "gnu++20";
				CLANG_ENABLE_MODULES = YES;
				CLANG_ENABLE_OBJC_ARC = YES;
				CLANG_ENABLE_OBJC_WEAK = YES;
				CLANG_WARN_BLOCK_CAPTURE_AUTORELEASING = YES;
				CLANG_WARN_BOOL_CONVERSION = YES;
				CLANG_WARN_COMMA = YES;
				CLANG_WARN_CONSTANT_CONVERSION = YES;
				CLANG_WARN_DEPRECATED_OBJC_IMPLEMENTATIONS = YES;
				CLANG_WARN_DIRECT_OBJC_ISA_USAGE = YES_ERROR;
				CLANG_WARN_DOCUMENTATION_COMMENTS = YES;
				CLANG_WARN_EMPTY_BODY = YES;
				CLANG_WARN_ENUM_CONVERSION = YES;
				CLANG_WARN_INFINITE_RECURSION = YES;
				CLANG_WARN_INT_CONVERSION = YES;
				CLANG_WARN_NON_LITERAL_NULL_CONVERSION = YES;
				CLANG_WARN_OBJC_IMPLICIT_RETAIN_SELF = YES;
				CLANG_WARN_OBJC_LITERAL_CONVERSION = YES;
				CLANG_WARN_OBJC_ROOT_CLASS = YES_ERROR;
				CLANG_WARN_QUOTED_INCLUDE_IN_FRAMEWORK_HEADER = YES;
				CLANG_WARN_RANGE_LOOP_ANALYSIS = YES;
				CLANG_WARN_STRICT_PROTOTYPES = YES;
				CLANG_WARN_SUSPICIOUS_MOVE = YES;
				CLANG_WARN_UNGUARDED_AVAILABILITY = YES_AGGRESSIVE;
				CLANG_WARN_UNREACHABLE_CODE = YES;
				CLANG_WARN__DUPLICATE_METHOD_MATCH = YES;
				COPY_PHASE_STRIP = NO;
				DEBUG_INFORMATION_FORMAT = dwarf;
				ENABLE_STRICT_OBJC_MSGSEND = YES;
				ENABLE_TESTABILITY = YES;
				ENABLE_USER_SCRIPT_SANDBOXING = YES;
				GCC_C_LANGUAGE_STANDARD = gnu17;
				GCC_DYNAMIC_NO_PIC = NO;
				GCC_NO_COMMON_BLOCKS = YES;
				GCC_OPTIMIZATION_LEVEL = 0;
				GCC_PREPROCESSOR_DEFINITIONS = (
					"DEBUG=1",
					"$(inherited)",
				);
				GCC_WARN_64_TO_32_BIT_CONVERSION = YES;
				GCC_WARN_ABOUT_RETURN_TYPE = YES_ERROR;
				GCC_WARN_UNDECLARED_SELECTOR = YES;
				GCC_WARN_UNINITIALIZED_AUTOS = YES_AGGRESSIVE;
				GCC_WARN_UNUSED_FUNCTION = YES;
				GCC_WARN_UNUSED_VARIABLE = YES;
				IPHONEOS_DEPLOYMENT_TARGET = 17.4;
				LOCALIZATION_PREFERS_STRING_CATALOGS = YES;
				MTL_ENABLE_DEBUG_INFO = INCLUDE_SOURCE;
				MTL_FAST_MATH = YES;
				ONLY_ACTIVE_ARCH = YES;
				SDKROOT = iphoneos;
				SWIFT_ACTIVE_COMPILATION_CONDITIONS = "DEBUG $(inherited)";
				SWIFT_OPTIMIZATION_LEVEL = "-Onone";
			};
			name = Debug;
		};
		52BC6E1B2BD74AD700793A34 /* Release */ = {
			isa = XCBuildConfiguration;
			buildSettings = {
				ALWAYS_SEARCH_USER_PATHS = NO;
				ASSETCATALOG_COMPILER_GENERATE_SWIFT_ASSET_SYMBOL_EXTENSIONS = YES;
				CLANG_ANALYZER_NONNULL = YES;
				CLANG_ANALYZER_NUMBER_OBJECT_CONVERSION = YES_AGGRESSIVE;
				CLANG_CXX_LANGUAGE_STANDARD = "gnu++20";
				CLANG_ENABLE_MODULES = YES;
				CLANG_ENABLE_OBJC_ARC = YES;
				CLANG_ENABLE_OBJC_WEAK = YES;
				CLANG_WARN_BLOCK_CAPTURE_AUTORELEASING = YES;
				CLANG_WARN_BOOL_CONVERSION = YES;
				CLANG_WARN_COMMA = YES;
				CLANG_WARN_CONSTANT_CONVERSION = YES;
				CLANG_WARN_DEPRECATED_OBJC_IMPLEMENTATIONS = YES;
				CLANG_WARN_DIRECT_OBJC_ISA_USAGE = YES_ERROR;
				CLANG_WARN_DOCUMENTATION_COMMENTS = YES;
				CLANG_WARN_EMPTY_BODY = YES;
				CLANG_WARN_ENUM_CONVERSION = YES;
				CLANG_WARN_INFINITE_RECURSION = YES;
				CLANG_WARN_INT_CONVERSION = YES;
				CLANG_WARN_NON_LITERAL_NULL_CONVERSION = YES;
				CLANG_WARN_OBJC_IMPLICIT_RETAIN_SELF = YES;
				CLANG_WARN_OBJC_LITERAL_CONVERSION = YES;
				CLANG_WARN_OBJC_ROOT_CLASS = YES_ERROR;
				CLANG_WARN_QUOTED_INCLUDE_IN_FRAMEWORK_HEADER = YES;
				CLANG_WARN_RANGE_LOOP_ANALYSIS = YES;
				CLANG_WARN_STRICT_PROTOTYPES = YES;
				CLANG_WARN_SUSPICIOUS_MOVE = YES;
				CLANG_WARN_UNGUARDED_AVAILABILITY = YES_AGGRESSIVE;
				CLANG_WARN_UNREACHABLE_CODE = YES;
				CLANG_WARN__DUPLICATE_METHOD_MATCH = YES;
				COPY_PHASE_STRIP = NO;
				DEBUG_INFORMATION_FORMAT = "dwarf-with-dsym";
				ENABLE_NS_ASSERTIONS = NO;
				ENABLE_STRICT_OBJC_MSGSEND = YES;
				ENABLE_USER_SCRIPT_SANDBOXING = YES;
				GCC_C_LANGUAGE_STANDARD = gnu17;
				GCC_NO_COMMON_BLOCKS = YES;
				GCC_WARN_64_TO_32_BIT_CONVERSION = YES;
				GCC_WARN_ABOUT_RETURN_TYPE = YES_ERROR;
				GCC_WARN_UNDECLARED_SELECTOR = YES;
				GCC_WARN_UNINITIALIZED_AUTOS = YES_AGGRESSIVE;
				GCC_WARN_UNUSED_FUNCTION = YES;
				GCC_WARN_UNUSED_VARIABLE = YES;
				IPHONEOS_DEPLOYMENT_TARGET = 17.4;
				LOCALIZATION_PREFERS_STRING_CATALOGS = YES;
				MTL_ENABLE_DEBUG_INFO = NO;
				MTL_FAST_MATH = YES;
				SDKROOT = iphoneos;
				SWIFT_COMPILATION_MODE = wholemodule;
				VALIDATE_PRODUCT = YES;
			};
			name = Release;
		};
		52BC6E1D2BD74AD700793A34 /* Debug */ = {
			isa = XCBuildConfiguration;
			buildSettings = {
				ASSETCATALOG_COMPILER_APPICON_NAME = AppIcon;
				ASSETCATALOG_COMPILER_GLOBAL_ACCENT_COLOR_NAME = AccentColor;
				CODE_SIGN_STYLE = Automatic;
				CURRENT_PROJECT_VERSION = 1;
				DEVELOPMENT_ASSET_PATHS = "\"NewsIndo/Preview Content\"";
				ENABLE_PREVIEWS = YES;
				GENERATE_INFOPLIST_FILE = YES;
				INFOPLIST_KEY_UIApplicationSceneManifest_Generation = YES;
				INFOPLIST_KEY_UIApplicationSupportsIndirectInputEvents = YES;
				INFOPLIST_KEY_UILaunchScreen_Generation = YES;
				INFOPLIST_KEY_UISupportedInterfaceOrientations_iPad = "UIInterfaceOrientationPortrait UIInterfaceOrientationPortraitUpsideDown UIInterfaceOrientationLandscapeLeft UIInterfaceOrientationLandscapeRight";
				INFOPLIST_KEY_UISupportedInterfaceOrientations_iPhone = "UIInterfaceOrientationPortrait UIInterfaceOrientationLandscapeLeft UIInterfaceOrientationLandscapeRight";
				LD_RUNPATH_SEARCH_PATHS = (
					"$(inherited)",
					"@executable_path/Frameworks",
				);
				MARKETING_VERSION = 1.0;
				PRODUCT_BUNDLE_IDENTIFIER = com.dira.NewsIndo;
				PRODUCT_NAME = "$(TARGET_NAME)";
				SWIFT_EMIT_LOC_STRINGS = YES;
				SWIFT_VERSION = 5.0;
				TARGETED_DEVICE_FAMILY = "1,2";
			};
			name = Debug;
		};
		52BC6E1E2BD74AD700793A34 /* Release */ = {
			isa = XCBuildConfiguration;
			buildSettings = {
				ASSETCATALOG_COMPILER_APPICON_NAME = AppIcon;
				ASSETCATALOG_COMPILER_GLOBAL_ACCENT_COLOR_NAME = AccentColor;
				CODE_SIGN_STYLE = Automatic;
				CURRENT_PROJECT_VERSION = 1;
				DEVELOPMENT_ASSET_PATHS = "\"NewsIndo/Preview Content\"";
				ENABLE_PREVIEWS = YES;
				GENERATE_INFOPLIST_FILE = YES;
				INFOPLIST_KEY_UIApplicationSceneManifest_Generation = YES;
				INFOPLIST_KEY_UIApplicationSupportsIndirectInputEvents = YES;
				INFOPLIST_KEY_UILaunchScreen_Generation = YES;
				INFOPLIST_KEY_UISupportedInterfaceOrientations_iPad = "UIInterfaceOrientationPortrait UIInterfaceOrientationPortraitUpsideDown UIInterfaceOrientationLandscapeLeft UIInterfaceOrientationLandscapeRight";
				INFOPLIST_KEY_UISupportedInterfaceOrientations_iPhone = "UIInterfaceOrientationPortrait UIInterfaceOrientationLandscapeLeft UIInterfaceOrientationLandscapeRight";
				LD_RUNPATH_SEARCH_PATHS = (
					"$(inherited)",
					"@executable_path/Frameworks",
				);
				MARKETING_VERSION = 1.0;
				PRODUCT_BUNDLE_IDENTIFIER = com.dira.NewsIndo;
				PRODUCT_NAME = "$(TARGET_NAME)";
				SWIFT_EMIT_LOC_STRINGS = YES;
				SWIFT_VERSION = 5.0;
				TARGETED_DEVICE_FAMILY = "1,2";
			};
			name = Release;
		};
/* End XCBuildConfiguration section */

/* Begin XCConfigurationList section */
		52BC6E092BD74AD600793A34 /* Build configuration list for PBXProject "NewsIndo" */ = {
			isa = XCConfigurationList;
			buildConfigurations = (
				52BC6E1A2BD74AD700793A34 /* Debug */,
				52BC6E1B2BD74AD700793A34 /* Release */,
			);
			defaultConfigurationIsVisible = 0;
			defaultConfigurationName = Release;
		};
		52BC6E1C2BD74AD700793A34 /* Build configuration list for PBXNativeTarget "NewsIndo" */ = {
			isa = XCConfigurationList;
			buildConfigurations = (
				52BC6E1D2BD74AD700793A34 /* Debug */,
				52BC6E1E2BD74AD700793A34 /* Release */,
			);
			defaultConfigurationIsVisible = 0;
			defaultConfigurationName = Release;
		};
/* End XCConfigurationList section */

/* Begin XCRemoteSwiftPackageReference section */
		52BC6E252BD7541200793A34 /* XCRemoteSwiftPackageReference "Alamofire" */ = {
			isa = XCRemoteSwiftPackageReference;
			repositoryURL = "https://github.com/Alamofire/Alamofire.git";
			requirement = {
				kind = upToNextMajorVersion;
				minimumVersion = 5.9.1;
			};
		};
/* End XCRemoteSwiftPackageReference section */

/* Begin XCSwiftPackageProductDependency section */
		52BC6E262BD7541200793A34 /* Alamofire */ = {
			isa = XCSwiftPackageProductDependency;
			package = 52BC6E252BD7541200793A34 /* XCRemoteSwiftPackageReference "Alamofire" */;
			productName = Alamofire;
		};
		52BC6E282BD7541200793A34 /* AlamofireDynamic */ = {
			isa = XCSwiftPackageProductDependency;
			package = 52BC6E252BD7541200793A34 /* XCRemoteSwiftPackageReference "Alamofire" */;
			productName = AlamofireDynamic;
		};
/* End XCSwiftPackageProductDependency section */
	};
	rootObject = 52BC6E062BD74AD600793A34 /* Project object */;
}
